
Microsoft Visual Studio Solution File, Format Version 12.00
# Visual Studio Version 16
VisualStudioVersion = 16.0.29609.76
MinimumVisualStudioVersion = 10.0.40219.1
Project("{FAE04EC0-301F-11D3-BF4B-00C04F79EFBC}") = "Game.UWP", "Game\Game.UWP\Game.UWP.csproj", "{E0523742-55D2-431D-9F7A-08798128532E}"
EndProject
Project("{FAE04EC0-301F-11D3-BF4B-00C04F79EFBC}") = "Game.Android", "Game\Game.Android\Game.Android.csproj", "{B441A871-D9A8-47E9-B55B-00AFF84725F3}"
EndProject
Project("{FAE04EC0-301F-11D3-BF4B-00C04F79EFBC}") = "Game.iOS", "Game\Game.iOS\Game.iOS.csproj", "{F444C682-B438-4257-A4AC-6ABFBFD227ED}"
EndProject
Project("{9A19103F-16F7-4668-BE54-9A1E7A4F7556}") = "Game", "Game\Game\Game.csproj", "{07B3B89D-0E3E-4B7A-B244-CFB0B829340D}"
EndProject
Project("{FAE04EC0-301F-11D3-BF4B-00C04F79EFBC}") = "UnitTests", "UnitTests\UnitTests.csproj", "{89D0FC4A-56CC-43FE-AC07-44D9AD5C17B1}"
EndProject
Global
	GlobalSection(SolutionConfigurationPlatforms) = preSolution
		Debug|Any CPU = Debug|Any CPU
		Debug|ARM = Debug|ARM
		Debug|iPhone = Debug|iPhone
		Debug|iPhoneSimulator = Debug|iPhoneSimulator
		Debug|x64 = Debug|x64
		Debug|x86 = Debug|x86
		Release|Any CPU = Release|Any CPU
		Release|ARM = Release|ARM
		Release|iPhone = Release|iPhone
		Release|iPhoneSimulator = Release|iPhoneSimulator
		Release|x64 = Release|x64
		Release|x86 = Release|x86
	EndGlobalSection
	GlobalSection(ProjectConfigurationPlatforms) = postSolution
		{E0523742-55D2-431D-9F7A-08798128532E}.Debug|Any CPU.ActiveCfg = Debug|x86
		{E0523742-55D2-431D-9F7A-08798128532E}.Debug|Any CPU.Build.0 = Debug|x86
		{E0523742-55D2-431D-9F7A-08798128532E}.Debug|Any CPU.Deploy.0 = Debug|x86
		{E0523742-55D2-431D-9F7A-08798128532E}.Debug|ARM.ActiveCfg = Debug|ARM
		{E0523742-55D2-431D-9F7A-08798128532E}.Debug|ARM.Build.0 = Debug|ARM
		{E0523742-55D2-431D-9F7A-08798128532E}.Debug|ARM.Deploy.0 = Debug|ARM
		{E0523742-55D2-431D-9F7A-08798128532E}.Debug|iPhone.ActiveCfg = Debug|x86
		{E0523742-55D2-431D-9F7A-08798128532E}.Debug|iPhone.Build.0 = Debug|x86
		{E0523742-55D2-431D-9F7A-08798128532E}.Debug|iPhone.Deploy.0 = Debug|x86
		{E0523742-55D2-431D-9F7A-08798128532E}.Debug|iPhoneSimulator.ActiveCfg = Debug|x86
		{E0523742-55D2-431D-9F7A-08798128532E}.Debug|iPhoneSimulator.Build.0 = Debug|x86
		{E0523742-55D2-431D-9F7A-08798128532E}.Debug|iPhoneSimulator.Deploy.0 = Debug|x86
		{E0523742-55D2-431D-9F7A-08798128532E}.Debug|x64.ActiveCfg = Debug|x64
		{E0523742-55D2-431D-9F7A-08798128532E}.Debug|x64.Build.0 = Debug|x64
		{E0523742-55D2-431D-9F7A-08798128532E}.Debug|x64.Deploy.0 = Debug|x64
		{E0523742-55D2-431D-9F7A-08798128532E}.Debug|x86.ActiveCfg = Debug|x86
		{E0523742-55D2-431D-9F7A-08798128532E}.Debug|x86.Build.0 = Debug|x86
		{E0523742-55D2-431D-9F7A-08798128532E}.Debug|x86.Deploy.0 = Debug|x86
		{E0523742-55D2-431D-9F7A-08798128532E}.Release|Any CPU.ActiveCfg = Release|x86
		{E0523742-55D2-431D-9F7A-08798128532E}.Release|Any CPU.Build.0 = Release|x86
		{E0523742-55D2-431D-9F7A-08798128532E}.Release|Any CPU.Deploy.0 = Release|x86
		{E0523742-55D2-431D-9F7A-08798128532E}.Release|ARM.ActiveCfg = Release|ARM
		{E0523742-55D2-431D-9F7A-08798128532E}.Release|ARM.Build.0 = Release|ARM
		{E0523742-55D2-431D-9F7A-08798128532E}.Release|ARM.Deploy.0 = Release|ARM
		{E0523742-55D2-431D-9F7A-08798128532E}.Release|iPhone.ActiveCfg = Release|x86
		{E0523742-55D2-431D-9F7A-08798128532E}.Release|iPhone.Build.0 = Release|x86
		{E0523742-55D2-431D-9F7A-08798128532E}.Release|iPhone.Deploy.0 = Release|x86
		{E0523742-55D2-431D-9F7A-08798128532E}.Release|iPhoneSimulator.ActiveCfg = Release|x86
		{E0523742-55D2-431D-9F7A-08798128532E}.Release|iPhoneSimulator.Build.0 = Release|x86
		{E0523742-55D2-431D-9F7A-08798128532E}.Release|iPhoneSimulator.Deploy.0 = Release|x86
		{E0523742-55D2-431D-9F7A-08798128532E}.Release|x64.ActiveCfg = Release|x64
		{E0523742-55D2-431D-9F7A-08798128532E}.Release|x64.Build.0 = Release|x64
		{E0523742-55D2-431D-9F7A-08798128532E}.Release|x64.Deploy.0 = Release|x64
		{E0523742-55D2-431D-9F7A-08798128532E}.Release|x86.ActiveCfg = Release|x86
		{E0523742-55D2-431D-9F7A-08798128532E}.Release|x86.Build.0 = Release|x86
		{E0523742-55D2-431D-9F7A-08798128532E}.Release|x86.Deploy.0 = Release|x86
		{B441A871-D9A8-47E9-B55B-00AFF84725F3}.Debug|Any CPU.ActiveCfg = Debug|Any CPU
		{B441A871-D9A8-47E9-B55B-00AFF84725F3}.Debug|Any CPU.Build.0 = Debug|Any CPU
		{B441A871-D9A8-47E9-B55B-00AFF84725F3}.Debug|Any CPU.Deploy.0 = Debug|Any CPU
		{B441A871-D9A8-47E9-B55B-00AFF84725F3}.Debug|ARM.ActiveCfg = Debug|Any CPU
		{B441A871-D9A8-47E9-B55B-00AFF84725F3}.Debug|ARM.Build.0 = Debug|Any CPU
		{B441A871-D9A8-47E9-B55B-00AFF84725F3}.Debug|ARM.Deploy.0 = Debug|Any CPU
		{B441A871-D9A8-47E9-B55B-00AFF84725F3}.Debug|iPhone.ActiveCfg = Debug|Any CPU
		{B441A871-D9A8-47E9-B55B-00AFF84725F3}.Debug|iPhone.Build.0 = Debug|Any CPU
		{B441A871-D9A8-47E9-B55B-00AFF84725F3}.Debug|iPhone.Deploy.0 = Debug|Any CPU
		{B441A871-D9A8-47E9-B55B-00AFF84725F3}.Debug|iPhoneSimulator.ActiveCfg = Debug|Any CPU
		{B441A871-D9A8-47E9-B55B-00AFF84725F3}.Debug|iPhoneSimulator.Build.0 = Debug|Any CPU
		{B441A871-D9A8-47E9-B55B-00AFF84725F3}.Debug|iPhoneSimulator.Deploy.0 = Debug|Any CPU
		{B441A871-D9A8-47E9-B55B-00AFF84725F3}.Debug|x64.ActiveCfg = Debug|Any CPU
		{B441A871-D9A8-47E9-B55B-00AFF84725F3}.Debug|x64.Build.0 = Debug|Any CPU
		{B441A871-D9A8-47E9-B55B-00AFF84725F3}.Debug|x64.Deploy.0 = Debug|Any CPU
		{B441A871-D9A8-47E9-B55B-00AFF84725F3}.Debug|x86.ActiveCfg = Debug|Any CPU
		{B441A871-D9A8-47E9-B55B-00AFF84725F3}.Debug|x86.Build.0 = Debug|Any CPU
		{B441A871-D9A8-47E9-B55B-00AFF84725F3}.Debug|x86.Deploy.0 = Debug|Any CPU
		{B441A871-D9A8-47E9-B55B-00AFF84725F3}.Release|Any CPU.ActiveCfg = Release|Any CPU
		{B441A871-D9A8-47E9-B55B-00AFF84725F3}.Release|Any CPU.Build.0 = Release|Any CPU
		{B441A871-D9A8-47E9-B55B-00AFF84725F3}.Release|Any CPU.Deploy.0 = Release|Any CPU
		{B441A871-D9A8-47E9-B55B-00AFF84725F3}.Release|ARM.ActiveCfg = Release|Any CPU
		{B441A871-D9A8-47E9-B55B-00AFF84725F3}.Release|ARM.Build.0 = Release|Any CPU
		{B441A871-D9A8-47E9-B55B-00AFF84725F3}.Release|ARM.Deploy.0 = Release|Any CPU
		{B441A871-D9A8-47E9-B55B-00AFF84725F3}.Release|iPhone.ActiveCfg = Release|Any CPU
		{B441A871-D9A8-47E9-B55B-00AFF84725F3}.Release|iPhone.Build.0 = Release|Any CPU
		{B441A871-D9A8-47E9-B55B-00AFF84725F3}.Release|iPhone.Deploy.0 = Release|Any CPU
		{B441A871-D9A8-47E9-B55B-00AFF84725F3}.Release|iPhoneSimulator.ActiveCfg = Release|Any CPU
		{B441A871-D9A8-47E9-B55B-00AFF84725F3}.Release|iPhoneSimulator.Build.0 = Release|Any CPU
		{B441A871-D9A8-47E9-B55B-00AFF84725F3}.Release|iPhoneSimulator.Deploy.0 = Release|Any CPU
		{B441A871-D9A8-47E9-B55B-00AFF84725F3}.Release|x64.ActiveCfg = Release|Any CPU
		{B441A871-D9A8-47E9-B55B-00AFF84725F3}.Release|x64.Build.0 = Release|Any CPU
		{B441A871-D9A8-47E9-B55B-00AFF84725F3}.Release|x64.Deploy.0 = Release|Any CPU
		{B441A871-D9A8-47E9-B55B-00AFF84725F3}.Release|x86.ActiveCfg = Release|Any CPU
		{B441A871-D9A8-47E9-B55B-00AFF84725F3}.Release|x86.Build.0 = Release|Any CPU
		{B441A871-D9A8-47E9-B55B-00AFF84725F3}.Release|x86.Deploy.0 = Release|Any CPU
		{F444C682-B438-4257-A4AC-6ABFBFD227ED}.Debug|Any CPU.ActiveCfg = Debug|iPhone
		{F444C682-B438-4257-A4AC-6ABFBFD227ED}.Debug|Any CPU.Build.0 = Debug|iPhone
		{F444C682-B438-4257-A4AC-6ABFBFD227ED}.Debug|Any CPU.Deploy.0 = Debug|iPhone
		{F444C682-B438-4257-A4AC-6ABFBFD227ED}.Debug|ARM.ActiveCfg = Debug|iPhoneSimulator
		{F444C682-B438-4257-A4AC-6ABFBFD227ED}.Debug|ARM.Build.0 = Debug|iPhoneSimulator
		{F444C682-B438-4257-A4AC-6ABFBFD227ED}.Debug|ARM.Deploy.0 = Debug|iPhoneSimulator
		{F444C682-B438-4257-A4AC-6ABFBFD227ED}.Debug|iPhone.ActiveCfg = Debug|iPhone
		{F444C682-B438-4257-A4AC-6ABFBFD227ED}.Debug|iPhone.Build.0 = Debug|iPhone
		{F444C682-B438-4257-A4AC-6ABFBFD227ED}.Debug|iPhone.Deploy.0 = Debug|iPhone
		{F444C682-B438-4257-A4AC-6ABFBFD227ED}.Debug|iPhoneSimulator.ActiveCfg = Debug|iPhoneSimulator
		{F444C682-B438-4257-A4AC-6ABFBFD227ED}.Debug|iPhoneSimulator.Build.0 = Debug|iPhoneSimulator
		{F444C682-B438-4257-A4AC-6ABFBFD227ED}.Debug|iPhoneSimulator.Deploy.0 = Debug|iPhoneSimulator
		{F444C682-B438-4257-A4AC-6ABFBFD227ED}.Debug|x64.ActiveCfg = Debug|iPhone
		{F444C682-B438-4257-A4AC-6ABFBFD227ED}.Debug|x64.Build.0 = Debug|iPhone
		{F444C682-B438-4257-A4AC-6ABFBFD227ED}.Debug|x64.Deploy.0 = Debug|iPhone
		{F444C682-B438-4257-A4AC-6ABFBFD227ED}.Debug|x86.ActiveCfg = Debug|iPhone
		{F444C682-B438-4257-A4AC-6ABFBFD227ED}.Debug|x86.Build.0 = Debug|iPhone
		{F444C682-B438-4257-A4AC-6ABFBFD227ED}.Debug|x86.Deploy.0 = Debug|iPhone
		{F444C682-B438-4257-A4AC-6ABFBFD227ED}.Release|Any CPU.ActiveCfg = Release|iPhone
		{F444C682-B438-4257-A4AC-6ABFBFD227ED}.Release|Any CPU.Build.0 = Release|iPhone
		{F444C682-B438-4257-A4AC-6ABFBFD227ED}.Release|Any CPU.Deploy.0 = Release|iPhone
		{F444C682-B438-4257-A4AC-6ABFBFD227ED}.Release|ARM.ActiveCfg = Release|iPhone
		{F444C682-B438-4257-A4AC-6ABFBFD227ED}.Release|ARM.Build.0 = Release|iPhone
		{F444C682-B438-4257-A4AC-6ABFBFD227ED}.Release|ARM.Deploy.0 = Release|iPhone
		{F444C682-B438-4257-A4AC-6ABFBFD227ED}.Release|iPhone.ActiveCfg = Release|iPhone
		{F444C682-B438-4257-A4AC-6ABFBFD227ED}.Release|iPhone.Build.0 = Release|iPhone
		{F444C682-B438-4257-A4AC-6ABFBFD227ED}.Release|iPhone.Deploy.0 = Release|iPhone
		{F444C682-B438-4257-A4AC-6ABFBFD227ED}.Release|iPhoneSimulator.ActiveCfg = Release|iPhoneSimulator
		{F444C682-B438-4257-A4AC-6ABFBFD227ED}.Release|iPhoneSimulator.Build.0 = Release|iPhoneSimulator
		{F444C682-B438-4257-A4AC-6ABFBFD227ED}.Release|iPhoneSimulator.Deploy.0 = Release|iPhoneSimulator
		{F444C682-B438-4257-A4AC-6ABFBFD227ED}.Release|x64.ActiveCfg = Release|iPhone
		{F444C682-B438-4257-A4AC-6ABFBFD227ED}.Release|x64.Build.0 = Release|iPhone
		{F444C682-B438-4257-A4AC-6ABFBFD227ED}.Release|x64.Deploy.0 = Release|iPhone
		{F444C682-B438-4257-A4AC-6ABFBFD227ED}.Release|x86.ActiveCfg = Release|iPhone
		{F444C682-B438-4257-A4AC-6ABFBFD227ED}.Release|x86.Build.0 = Release|iPhone
		{F444C682-B438-4257-A4AC-6ABFBFD227ED}.Release|x86.Deploy.0 = Release|iPhone
		{07B3B89D-0E3E-4B7A-B244-CFB0B829340D}.Debug|Any CPU.ActiveCfg = Debug|Any CPU
		{07B3B89D-0E3E-4B7A-B244-CFB0B829340D}.Debug|Any CPU.Build.0 = Debug|Any CPU
		{07B3B89D-0E3E-4B7A-B244-CFB0B829340D}.Debug|Any CPU.Deploy.0 = Debug|Any CPU
		{07B3B89D-0E3E-4B7A-B244-CFB0B829340D}.Debug|ARM.ActiveCfg = Debug|Any CPU
		{07B3B89D-0E3E-4B7A-B244-CFB0B829340D}.Debug|ARM.Build.0 = Debug|Any CPU
		{07B3B89D-0E3E-4B7A-B244-CFB0B829340D}.Debug|ARM.Deploy.0 = Debug|Any CPU
		{07B3B89D-0E3E-4B7A-B244-CFB0B829340D}.Debug|iPhone.ActiveCfg = Debug|Any CPU
		{07B3B89D-0E3E-4B7A-B244-CFB0B829340D}.Debug|iPhone.Build.0 = Debug|Any CPU
		{07B3B89D-0E3E-4B7A-B244-CFB0B829340D}.Debug|iPhone.Deploy.0 = Debug|Any CPU
		{07B3B89D-0E3E-4B7A-B244-CFB0B829340D}.Debug|iPhoneSimulator.ActiveCfg = Debug|Any CPU
		{07B3B89D-0E3E-4B7A-B244-CFB0B829340D}.Debug|iPhoneSimulator.Build.0 = Debug|Any CPU
		{07B3B89D-0E3E-4B7A-B244-CFB0B829340D}.Debug|iPhoneSimulator.Deploy.0 = Debug|Any CPU
		{07B3B89D-0E3E-4B7A-B244-CFB0B829340D}.Debug|x64.ActiveCfg = Debug|Any CPU
		{07B3B89D-0E3E-4B7A-B244-CFB0B829340D}.Debug|x64.Build.0 = Debug|Any CPU
		{07B3B89D-0E3E-4B7A-B244-CFB0B829340D}.Debug|x64.Deploy.0 = Debug|Any CPU
		{07B3B89D-0E3E-4B7A-B244-CFB0B829340D}.Debug|x86.ActiveCfg = Debug|Any CPU
		{07B3B89D-0E3E-4B7A-B244-CFB0B829340D}.Debug|x86.Build.0 = Debug|Any CPU
		{07B3B89D-0E3E-4B7A-B244-CFB0B829340D}.Debug|x86.Deploy.0 = Debug|Any CPU
		{07B3B89D-0E3E-4B7A-B244-CFB0B829340D}.Release|Any CPU.ActiveCfg = Release|Any CPU
		{07B3B89D-0E3E-4B7A-B244-CFB0B829340D}.Release|Any CPU.Build.0 = Release|Any CPU
		{07B3B89D-0E3E-4B7A-B244-CFB0B829340D}.Release|Any CPU.Deploy.0 = Release|Any CPU
		{07B3B89D-0E3E-4B7A-B244-CFB0B829340D}.Release|ARM.ActiveCfg = Release|Any CPU
		{07B3B89D-0E3E-4B7A-B244-CFB0B829340D}.Release|ARM.Build.0 = Release|Any CPU
		{07B3B89D-0E3E-4B7A-B244-CFB0B829340D}.Release|ARM.Deploy.0 = Release|Any CPU
		{07B3B89D-0E3E-4B7A-B244-CFB0B829340D}.Release|iPhone.ActiveCfg = Release|Any CPU
		{07B3B89D-0E3E-4B7A-B244-CFB0B829340D}.Release|iPhone.Build.0 = Release|Any CPU
		{07B3B89D-0E3E-4B7A-B244-CFB0B829340D}.Release|iPhone.Deploy.0 = Release|Any CPU
		{07B3B89D-0E3E-4B7A-B244-CFB0B829340D}.Release|iPhoneSimulator.ActiveCfg = Release|Any CPU
		{07B3B89D-0E3E-4B7A-B244-CFB0B829340D}.Release|iPhoneSimulator.Build.0 = Release|Any CPU
		{07B3B89D-0E3E-4B7A-B244-CFB0B829340D}.Release|iPhoneSimulator.Deploy.0 = Release|Any CPU
		{07B3B89D-0E3E-4B7A-B244-CFB0B829340D}.Release|x64.ActiveCfg = Release|Any CPU
		{07B3B89D-0E3E-4B7A-B244-CFB0B829340D}.Release|x64.Build.0 = Release|Any CPU
		{07B3B89D-0E3E-4B7A-B244-CFB0B829340D}.Release|x64.Deploy.0 = Release|Any CPU
		{07B3B89D-0E3E-4B7A-B244-CFB0B829340D}.Release|x86.ActiveCfg = Release|Any CPU
		{07B3B89D-0E3E-4B7A-B244-CFB0B829340D}.Release|x86.Build.0 = Release|Any CPU
		{07B3B89D-0E3E-4B7A-B244-CFB0B829340D}.Release|x86.Deploy.0 = Release|Any CPU
		{89D0FC4A-56CC-43FE-AC07-44D9AD5C17B1}.Debug|Any CPU.ActiveCfg = Debug|Any CPU
		{89D0FC4A-56CC-43FE-AC07-44D9AD5C17B1}.Debug|Any CPU.Build.0 = Debug|Any CPU
		{89D0FC4A-56CC-43FE-AC07-44D9AD5C17B1}.Debug|ARM.ActiveCfg = Debug|Any CPU
		{89D0FC4A-56CC-43FE-AC07-44D9AD5C17B1}.Debug|ARM.Build.0 = Debug|Any CPU
		{89D0FC4A-56CC-43FE-AC07-44D9AD5C17B1}.Debug|iPhone.ActiveCfg = Debug|Any CPU
		{89D0FC4A-56CC-43FE-AC07-44D9AD5C17B1}.Debug|iPhone.Build.0 = Debug|Any CPU
		{89D0FC4A-56CC-43FE-AC07-44D9AD5C17B1}.Debug|iPhoneSimulator.ActiveCfg = Debug|Any CPU
		{89D0FC4A-56CC-43FE-AC07-44D9AD5C17B1}.Debug|iPhoneSimulator.Build.0 = Debug|Any CPU
		{89D0FC4A-56CC-43FE-AC07-44D9AD5C17B1}.Debug|x64.ActiveCfg = Debug|Any CPU
		{89D0FC4A-56CC-43FE-AC07-44D9AD5C17B1}.Debug|x64.Build.0 = Debug|Any CPU
		{89D0FC4A-56CC-43FE-AC07-44D9AD5C17B1}.Debug|x86.ActiveCfg = Debug|Any CPU
		{89D0FC4A-56CC-43FE-AC07-44D9AD5C17B1}.Debug|x86.Build.0 = Debug|Any CPU
		{89D0FC4A-56CC-43FE-AC07-44D9AD5C17B1}.Release|Any CPU.ActiveCfg = Release|Any CPU
		{89D0FC4A-56CC-43FE-AC07-44D9AD5C17B1}.Release|Any CPU.Build.0 = Release|Any CPU
		{89D0FC4A-56CC-43FE-AC07-44D9AD5C17B1}.Release|ARM.ActiveCfg = Release|Any CPU
		{89D0FC4A-56CC-43FE-AC07-44D9AD5C17B1}.Release|ARM.Build.0 = Release|Any CPU
		{89D0FC4A-56CC-43FE-AC07-44D9AD5C17B1}.Release|iPhone.ActiveCfg = Release|Any CPU
		{89D0FC4A-56CC-43FE-AC07-44D9AD5C17B1}.Release|iPhone.Build.0 = Release|Any CPU
		{89D0FC4A-56CC-43FE-AC07-44D9AD5C17B1}.Release|iPhoneSimulator.ActiveCfg = Release|Any CPU
		{89D0FC4A-56CC-43FE-AC07-44D9AD5C17B1}.Release|iPhoneSimulator.Build.0 = Release|Any CPU
		{89D0FC4A-56CC-43FE-AC07-44D9AD5C17B1}.Release|x64.ActiveCfg = Release|Any CPU
		{89D0FC4A-56CC-43FE-AC07-44D9AD5C17B1}.Release|x64.Build.0 = Release|Any CPU
		{89D0FC4A-56CC-43FE-AC07-44D9AD5C17B1}.Release|x86.ActiveCfg = Release|Any CPU
		{89D0FC4A-56CC-43FE-AC07-44D9AD5C17B1}.Release|x86.Build.0 = Release|Any CPU
	EndGlobalSection
	GlobalSection(SolutionProperties) = preSolution
		HideSolutionNode = FALSE
	EndGlobalSection
	GlobalSection(ExtensibilityGlobals) = postSolution
		SolutionGuid = {1DAF3441-B211-425F-86FD-6AC8B1732FDD}
	EndGlobalSection
EndGlobal
